
Microsoft Visual Studio Solution File, Format Version 12.00
# Visual Studio Version 16
VisualStudioVersion = 16.0.30907.101
MinimumVisualStudioVersion = 10.0.40219.1
Project("{FAE04EC0-301F-11D3-BF4B-00C04F79EFBC}") = "Targeted", "Targeted.csproj", "{96321ADD-7809-4F71-AB18-3A07266C920B}"
EndProject
Global
	GlobalSection(SolutionConfigurationPlatforms) = preSolution
		Debug|Any CPU = Debug|Any CPU
		Release|Any CPU = Release|Any CPU
	EndGlobalSection
	GlobalSection(ProjectConfigurationPlatforms) = postSolution
		{96321ADD-7809-4F71-AB18-3A07266C920B}.Debug|Any CPU.ActiveCfg = Debug|Any CPU
		{96321ADD-7809-4F71-AB18-3A07266C920B}.Debug|Any CPU.Build.0 = Debug|Any CPU
		{96321ADD-7809-4F71-AB18-3A07266C920B}.Release|Any CPU.ActiveCfg = Release|Any CPU
		{96321ADD-7809-4F71-AB18-3A07266C920B}.Release|Any CPU.Build.0 = Release|Any CPU
	EndGlobalSection
	GlobalSection(SolutionProperties) = preSolution
		HideSolutionNode = FALSE
	EndGlobalSection
	GlobalSection(ExtensibilityGlobals) = postSolution
		SolutionGuid = {8A8ECE7B-4E20-4452-B8C3-D42692E9F06D}
	EndGlobalSection
EndGlobal
